{
    "_readme": [
        "This file locks the dependencies of your project to a known state",
        "Read more about it at https://getcomposer.org/doc/01-basic-usage.md#installing-dependencies",
        "This file is @generated automatically"
    ],
    "content-hash": "cec19dc37874b016599bb38ccaa7ce07",
    "packages": [
        {
            "name": "bobby/array-special-helper",
            "version": "dev-master",
            "source": {
                "type": "git",
                "url": "https://github.com/995933447/array-speical-helper.git",
                "reference": "d2cb309e210399ee89aa53302f86c35dffaf9f2b"
            },
            "dist": {
                "type": "zip",
                "url": "https://api.github.com/repos/995933447/array-speical-helper/zipball/d2cb309e210399ee89aa53302f86c35dffaf9f2b",
                "reference": "d2cb309e210399ee89aa53302f86c35dffaf9f2b",
                "shasum": ""
            },
            "type": "library",
            "autoload": {
                "psr-4": {
                    "Bobby\\ArraySpecialHelper\\": "src/"
                }
            },
            "notification-url": "https://packagist.org/downloads/",
            "license": [
                "MIT"
            ],
            "authors": [
                {
                    "name": "bobby",
                    "email": "995933447@qq.com"
                }
            ],
            "description": "Some special algorithm help to use array",
            "time": "2020-03-11T05:04:58+00:00"
        },
        {
            "name": "bobby/server-network-protocol",
            "version": "dev-master",
            "source": {
                "type": "git",
                "url": "https://github.com/995933447/php-server-network-protocol.git",
                "reference": "d0306921ec9b6b8aa93a9b441f9df132ebb7430f"
            },
            "dist": {
                "type": "zip",
                "url": "https://api.github.com/repos/995933447/php-server-network-protocol/zipball/d0306921ec9b6b8aa93a9b441f9df132ebb7430f",
                "reference": "d0306921ec9b6b8aa93a9b441f9df132ebb7430f",
                "shasum": ""
            },
            "require": {
                "bobby/array-special-helper": "master-dev",
                "ext-json": "*"
            },
            "require-dev": {
                "phpunit/php-invoker": "^2.0",
                "phpunit/phpunit": "^8.5"
            },
            "type": "library",
            "autoload": {
                "psr-4": {
                    "Bobby\\ServerNetworkProtocol\\": "src/"
                }
            },
            "notification-url": "https://packagist.org/downloads/",
            "license": [
                "MIT"
            ],
            "authors": [
                {
                    "name": "bobby",
                    "email": "995933447@qq.com"
                }
            ],
            "description": "Server network protocol parsers",
            "time": "2020-03-13T08:44:55+00:00"
        },
        {
            "name": "bobby/stream-event-loop",
            "version": "dev-master",
            "source": {
                "type": "git",
                "url": "https://github.com/995933447/php-stream-event-loop.git",
                "reference": "c6a807ea79c2d8be2fcb97e10443b9ab298bcbff"
            },
            "dist": {
                "type": "zip",
                "url": "https://api.github.com/repos/995933447/php-stream-event-loop/zipball/c6a807ea79c2d8be2fcb97e10443b9ab298bcbff",
                "reference": "c6a807ea79c2d8be2fcb97e10443b9ab298bcbff",
                "shasum": ""
            },
            "require": {
                "ext-pcntl": "*"
            },
            "type": "library",
            "autoload": {
                "psr-4": {
                    "Bobby\\StreamEventLoop\\": "src/"
                }
            },
            "notification-url": "https://packagist.org/downloads/",
            "license": [
                "MIT"
            ],
            "authors": [
                {
                    "name": "bobby",
                    "email": "995933447@qq.com"
                }
            ],
            "description": "stream函数开发的异步非阻塞IO事件循环组件",
            "time": "2020-03-13T05:45:58+00:00"
        }
    ],
    "packages-dev": [],
    "aliases": [],
    "minimum-stability": "dev",
    "stability-flags": {
        "bobby/stream-event-loop": 20,
        "bobby/server-network-protocol": 20
    },
    "prefer-stable": true,
    "prefer-lowest": false,
    "platform": {
        "ext-sockets": "*",
        "ext-pcntl": "*",
        "ext-posix": "*",
        "ext-openssl": "*",
        "ext-zlib": "*"
    },
    "platform-dev": []
}
