{
    "_readme": [
        "This file locks the dependencies of your project to a known state",
        "Read more about it at https://getcomposer.org/doc/01-basic-usage.md#installing-dependencies",
        "This file is @generated automatically"
    ],
    "content-hash": "35d62f6f3036c87b1f1ee0852eb694f6",
    "packages": [
        {
            "name": "bobby/server-network-protocol",
            "version": "dev-master",
            "source": {
                "type": "git",
                "url": "https://github.com/995933447/php-server-network-protocol.git",
                "reference": "08ca5989f4dfac75cb410704529b7531d6e2493e"
            },
            "dist": {
                "type": "zip",
                "url": "https://api.github.com/repos/995933447/php-server-network-protocol/zipball/08ca5989f4dfac75cb410704529b7531d6e2493e",
                "reference": "08ca5989f4dfac75cb410704529b7531d6e2493e",
                "shasum": ""
            },
            "require": {
                "ext-json": "*"
            },
            "require-dev": {
                "phpunit/php-invoker": "^2.0",
                "phpunit/phpunit": "^8.5"
            },
            "type": "library",
            "autoload": {
                "psr-4": {
                    "Bobby\\ServerNetworkProtocol\\": "src/"
                }
            },
            "notification-url": "https://packagist.org/downloads/",
            "license": [
                "MIT"
            ],
            "authors": [
                {
                    "name": "bobby",
                    "email": "995933447@qq.com"
                }
            ],
            "description": "Server network protocol parsers",
            "time": "2020-03-07T09:20:19+00:00"
        },
        {
            "name": "bobby/stream-event-loop",
            "version": "dev-master",
            "source": {
                "type": "git",
                "url": "https://github.com/995933447/php-stream-event-loop.git",
                "reference": "f944f0363fbc60f32561ddb9831ac21a186e3052"
            },
            "dist": {
                "type": "zip",
                "url": "https://api.github.com/repos/995933447/php-stream-event-loop/zipball/f944f0363fbc60f32561ddb9831ac21a186e3052",
                "reference": "f944f0363fbc60f32561ddb9831ac21a186e3052",
                "shasum": ""
            },
            "require": {
                "ext-pcntl": "*"
            },
            "type": "library",
            "autoload": {
                "psr-4": {
                    "Bobby\\StreamEventLoop\\": "src/"
                }
            },
            "notification-url": "https://packagist.org/downloads/",
            "license": [
                "MIT"
            ],
            "authors": [
                {
                    "name": "bobby",
                    "email": "995933447@qq.com"
                }
            ],
            "description": "stream函数开发的异步非阻塞IO事件循环组件",
            "time": "2020-03-09T06:29:17+00:00"
        }
    ],
    "packages-dev": [],
    "aliases": [],
    "minimum-stability": "stable",
    "stability-flags": {
        "bobby/stream-event-loop": 20,
        "bobby/server-network-protocol": 20
    },
    "prefer-stable": false,
    "prefer-lowest": false,
    "platform": {
        "ext-sockets": "*",
        "ext-pcntl": "*",
        "ext-posix": "*",
        "ext-openssl": "*"
    },
    "platform-dev": []
}
